
Microsoft Visual Studio Solution File, Format Version 12.00
# Visual Studio 14
VisualStudioVersion = 14.0.25123.0
MinimumVisualStudioVersion = 10.0.40219.1
Project("{3DC0A76C-E0E2-4D13-A951-75E59B4BB74B}") = "Sitecore.Support.253719", "Sitecore.Support.253719\Sitecore.Support.253719.csproj", "{18298C85-1627-4F04-BC49-CBBF20C3FB67}"
EndProject
Global
	GlobalSection(SolutionConfigurationPlatforms) = preSolution
		Debug|Any CPU = Debug|Any CPU
		Release|Any CPU = Release|Any CPU
	EndGlobalSection
	GlobalSection(ProjectConfigurationPlatforms) = postSolution
		{18298C85-1627-4F04-BC49-CBBF20C3FB67}.Debug|Any CPU.ActiveCfg = Debug|Any CPU
		{18298C85-1627-4F04-BC49-CBBF20C3FB67}.Debug|Any CPU.Build.0 = Debug|Any CPU
		{18298C85-1627-4F04-BC49-CBBF20C3FB67}.Release|Any CPU.ActiveCfg = Release|Any CPU
		{18298C85-1627-4F04-BC49-CBBF20C3FB67}.Release|Any CPU.Build.0 = Release|Any CPU
	EndGlobalSection
	GlobalSection(SolutionProperties) = preSolution
		HideSolutionNode = FALSE
	EndGlobalSection
EndGlobal
